
Microsoft Visual Studio Solution File, Format Version 12.00
# Visual Studio Version 17
VisualStudioVersion = 17.9.34723.18
MinimumVisualStudioVersion = 10.0.40219.1
Project("{9A19103F-16F7-4668-BE54-9A1E7A4F7556}") = "NSKV3_NEXT", "NSKV3_NEXT\NSKV3_NEXT.csproj", "{DBF3F64A-D910-459F-A361-62DE90B99151}"
EndProject
Project("{9A19103F-16F7-4668-BE54-9A1E7A4F7556}") = "Services", "Services\Services.csproj", "{20361519-9A32-4AEC-89E6-5C82A28F4E11}"
EndProject
Project("{9A19103F-16F7-4668-BE54-9A1E7A4F7556}") = "Models", "Models\Models.csproj", "{3E2A2912-2C20-4D4F-9518-B2838D266FED}"
EndProject
Project("{9A19103F-16F7-4668-BE54-9A1E7A4F7556}") = "Administration", "Administration\Administration.csproj", "{ED44D4F0-A5E3-4AC0-A6BA-F139FBEBC215}"
EndProject
Project("{FAE04EC0-301F-11D3-BF4B-00C04F79EFBC}") = "LoggingService", "LoggingService\LoggingService.csproj", "{436E9D91-DF53-4CEA-8568-93E1045DCB36}"
EndProject
Global
	GlobalSection(SolutionConfigurationPlatforms) = preSolution
		Debug|Any CPU = Debug|Any CPU
		Release|Any CPU = Release|Any CPU
	EndGlobalSection
	GlobalSection(ProjectConfigurationPlatforms) = postSolution
		{DBF3F64A-D910-459F-A361-62DE90B99151}.Debug|Any CPU.ActiveCfg = Debug|Any CPU
		{DBF3F64A-D910-459F-A361-62DE90B99151}.Debug|Any CPU.Build.0 = Debug|Any CPU
		{DBF3F64A-D910-459F-A361-62DE90B99151}.Release|Any CPU.ActiveCfg = Release|Any CPU
		{DBF3F64A-D910-459F-A361-62DE90B99151}.Release|Any CPU.Build.0 = Release|Any CPU
		{20361519-9A32-4AEC-89E6-5C82A28F4E11}.Debug|Any CPU.ActiveCfg = Debug|Any CPU
		{20361519-9A32-4AEC-89E6-5C82A28F4E11}.Debug|Any CPU.Build.0 = Debug|Any CPU
		{20361519-9A32-4AEC-89E6-5C82A28F4E11}.Release|Any CPU.ActiveCfg = Release|Any CPU
		{20361519-9A32-4AEC-89E6-5C82A28F4E11}.Release|Any CPU.Build.0 = Release|Any CPU
		{3E2A2912-2C20-4D4F-9518-B2838D266FED}.Debug|Any CPU.ActiveCfg = Debug|Any CPU
		{3E2A2912-2C20-4D4F-9518-B2838D266FED}.Debug|Any CPU.Build.0 = Debug|Any CPU
		{3E2A2912-2C20-4D4F-9518-B2838D266FED}.Release|Any CPU.ActiveCfg = Release|Any CPU
		{3E2A2912-2C20-4D4F-9518-B2838D266FED}.Release|Any CPU.Build.0 = Release|Any CPU
		{ED44D4F0-A5E3-4AC0-A6BA-F139FBEBC215}.Debug|Any CPU.ActiveCfg = Debug|Any CPU
		{ED44D4F0-A5E3-4AC0-A6BA-F139FBEBC215}.Debug|Any CPU.Build.0 = Debug|Any CPU
		{ED44D4F0-A5E3-4AC0-A6BA-F139FBEBC215}.Release|Any CPU.ActiveCfg = Release|Any CPU
		{ED44D4F0-A5E3-4AC0-A6BA-F139FBEBC215}.Release|Any CPU.Build.0 = Release|Any CPU
		{436E9D91-DF53-4CEA-8568-93E1045DCB36}.Debug|Any CPU.ActiveCfg = Debug|Any CPU
		{436E9D91-DF53-4CEA-8568-93E1045DCB36}.Debug|Any CPU.Build.0 = Debug|Any CPU
		{436E9D91-DF53-4CEA-8568-93E1045DCB36}.Release|Any CPU.ActiveCfg = Release|Any CPU
		{436E9D91-DF53-4CEA-8568-93E1045DCB36}.Release|Any CPU.Build.0 = Release|Any CPU
	EndGlobalSection
	GlobalSection(SolutionProperties) = preSolution
		HideSolutionNode = FALSE
	EndGlobalSection
	GlobalSection(ExtensibilityGlobals) = postSolution
		SolutionGuid = {A9976001-64B7-40E9-A007-1CB0B79D86E8}
	EndGlobalSection
EndGlobal
